
Microsoft Visual Studio Solution File, Format Version 12.00
# Visual Studio 15
VisualStudioVersion = 15.0.28307.136
MinimumVisualStudioVersion = 10.0.40219.1
Project("{8BC9CEB8-8B4A-11D0-8D11-00A0C91BC942}") = "VS Proj", "VS Proj\VS Proj.vcxproj", "{1E78CB29-FC73-4706-8C71-336097DAC133}"
EndProject
Global
	GlobalSection(SolutionConfigurationPlatforms) = preSolution
		Debug|x64 = Debug|x64
		Debug|x86 = Debug|x86
		Release|x64 = Release|x64
		Release|x86 = Release|x86
	EndGlobalSection
	GlobalSection(ProjectConfigurationPlatforms) = postSolution
		{1E78CB29-FC73-4706-8C71-336097DAC133}.Debug|x64.ActiveCfg = Debug|x64
		{1E78CB29-FC73-4706-8C71-336097DAC133}.Debug|x64.Build.0 = Debug|x64
		{1E78CB29-FC73-4706-8C71-336097DAC133}.Debug|x86.ActiveCfg = Debug|Win32
		{1E78CB29-FC73-4706-8C71-336097DAC133}.Debug|x86.Build.0 = Debug|Win32
		{1E78CB29-FC73-4706-8C71-336097DAC133}.Release|x64.ActiveCfg = Release|x64
		{1E78CB29-FC73-4706-8C71-336097DAC133}.Release|x64.Build.0 = Release|x64
		{1E78CB29-FC73-4706-8C71-336097DAC133}.Release|x86.ActiveCfg = Release|Win32
		{1E78CB29-FC73-4706-8C71-336097DAC133}.Release|x86.Build.0 = Release|Win32
	EndGlobalSection
	GlobalSection(SolutionProperties) = preSolution
		HideSolutionNode = FALSE
	EndGlobalSection
	GlobalSection(ExtensibilityGlobals) = postSolution
		SolutionGuid = {B9547359-F237-4667-B664-6C98F4BECF82}
	EndGlobalSection
EndGlobal
